// !$*UTF8*$!
{
	archiveVersion = 1;
	classes = {
	};
	objectVersion = 48;
	objects = {

/* Begin PBXBuildFile section */
		D54D89A01F07F945009CE408 /* main.m in Sources */ = {isa = PBXBuildFile; fileRef = D54D899F1F07F945009CE408 /* main.m */; };
		D54D89A81F07F96B009CE408 /* Instrument.m in Sources */ = {isa = PBXBuildFile; fileRef = D54D89A71F07F96B009CE408 /* Instrument.m */; };
		D54D89AE1F0812BE009CE408 /* Guitar.m in Sources */ = {isa = PBXBuildFile; fileRef = D54D89AD1F0812BE009CE408 /* Guitar.m */; };
		D54D89B11F086E5D009CE408 /* Piano.m in Sources */ = {isa = PBXBuildFile; fileRef = D54D89B01F086E5D009CE408 /* Piano.m */; };
/* End PBXBuildFile section */

/* Begin PBXCopyFilesBuildPhase section */
		D54D899A1F07F945009CE408 /* CopyFiles */ = {
			isa = PBXCopyFilesBuildPhase;
			buildActionMask = 2147483647;
			dstPath = /usr/share/man/man1/;
			dstSubfolderSpec = 0;
			files = (
			);
			runOnlyForDeploymentPostprocessing = 1;
		};
/* End PBXCopyFilesBuildPhase section */

/* Begin PBXFileReference section */
		D54D899C1F07F945009CE408 /* ANA_Foundation */ = {isa = PBXFileReference; explicitFileType = "compiled.mach-o.executable"; includeInIndex = 0; path = ANA_Foundation; sourceTree = BUILT_PRODUCTS_DIR; };
		D54D899F1F07F945009CE408 /* main.m */ = {isa = PBXFileReference; lastKnownFileType = sourcecode.c.objc; path = main.m; sourceTree = "<group>"; };
		D54D89A61F07F96B009CE408 /* Instrument.h */ = {isa = PBXFileReference; lastKnownFileType = sourcecode.c.h; path = Instrument.h; sourceTree = "<group>"; };
		D54D89A71F07F96B009CE408 /* Instrument.m */ = {isa = PBXFileReference; lastKnownFileType = sourcecode.c.objc; path = Instrument.m; sourceTree = "<group>"; };
		D54D89AC1F0812BE009CE408 /* Guitar.h */ = {isa = PBXFileReference; lastKnownFileType = sourcecode.c.h; path = Guitar.h; sourceTree = "<group>"; };
		D54D89AD1F0812BE009CE408 /* Guitar.m */ = {isa = PBXFileReference; lastKnownFileType = sourcecode.c.objc; path = Guitar.m; sourceTree = "<group>"; };
		D54D89AF1F086E5D009CE408 /* Piano.h */ = {isa = PBXFileReference; lastKnownFileType = sourcecode.c.h; path = Piano.h; sourceTree = "<group>"; };
		D54D89B01F086E5D009CE408 /* Piano.m */ = {isa = PBXFileReference; lastKnownFileType = sourcecode.c.objc; path = Piano.m; sourceTree = "<group>"; };
/* End PBXFileReference section */

/* Begin PBXFrameworksBuildPhase section */
		D54D89991F07F945009CE408 /* Frameworks */ = {
			isa = PBXFrameworksBuildPhase;
			buildActionMask = 2147483647;
			files = (
			);
			runOnlyForDeploymentPostprocessing = 0;
		};
/* End PBXFrameworksBuildPhase section */

/* Begin PBXGroup section */
		D54D89931F07F945009CE408 = {
			isa = PBXGroup;
			children = (
				D54D899E1F07F945009CE408 /* ANA_Foundation */,
				D54D899D1F07F945009CE408 /* Products */,
			);
			sourceTree = "<group>";
		};
		D54D899D1F07F945009CE408 /* Products */ = {
			isa = PBXGroup;
			children = (
				D54D899C1F07F945009CE408 /* ANA_Foundation */,
			);
			name = Products;
			sourceTree = "<group>";
		};
		D54D899E1F07F945009CE408 /* ANA_Foundation */ = {
			isa = PBXGroup;
			children = (
				D54D899F1F07F945009CE408 /* main.m */,
				D54D89A61F07F96B009CE408 /* Instrument.h */,
				D54D89A71F07F96B009CE408 /* Instrument.m */,
				D54D89AC1F0812BE009CE408 /* Guitar.h */,
				D54D89AD1F0812BE009CE408 /* Guitar.m */,
				D54D89AF1F086E5D009CE408 /* Piano.h */,
				D54D89B01F086E5D009CE408 /* Piano.m */,
			);
			path = ANA_Foundation;
			sourceTree = "<group>";
		};
/* End PBXGroup section */

/* Begin PBXNativeTarget section */
		D54D899B1F07F945009CE408 /* ANA_Foundation */ = {
			isa = PBXNativeTarget;
			buildConfigurationList = D54D89A31F07F945009CE408 /* Build configuration list for PBXNativeTarget "ANA_Foundation" */;
			buildPhases = (
				D54D89981F07F945009CE408 /* Sources */,
				D54D89991F07F945009CE408 /* Frameworks */,
				D54D899A1F07F945009CE408 /* CopyFiles */,
			);
			buildRules = (
			);
			dependencies = (
			);
			name = ANA_Foundation;
			productName = ANA_Foundation;
			productReference = D54D899C1F07F945009CE408 /* ANA_Foundation */;
			productType = "com.apple.product-type.tool";
		};
/* End PBXNativeTarget section */

/* Begin PBXProject section */
		D54D89941F07F945009CE408 /* Project object */ = {
			isa = PBXProject;
			attributes = {
				LastUpgradeCheck = 0900;
				ORGANIZATIONNAME = byxx;
				TargetAttributes = {
					D54D899B1F07F945009CE408 = {
						CreatedOnToolsVersion = 9.0;
					};
				};
			};
			buildConfigurationList = D54D89971F07F945009CE408 /* Build configuration list for PBXProject "ANA_Foundation" */;
			compatibilityVersion = "Xcode 8.0";
			developmentRegion = en;
			hasScannedForEncodings = 0;
			knownRegions = (
				en,
			);
			mainGroup = D54D89931F07F945009CE408;
			productRefGroup = D54D899D1F07F945009CE408 /* Products */;
			projectDirPath = "";
			projectRoot = "";
			targets = (
				D54D899B1F07F945009CE408 /* ANA_Foundation */,
			);
		};
/* End PBXProject section */

/* Begin PBXSourcesBuildPhase section */
		D54D89981F07F945009CE408 /* Sources */ = {
			isa = PBXSourcesBuildPhase;
			buildActionMask = 2147483647;
			files = (
				D54D89AE1F0812BE009CE408 /* Guitar.m in Sources */,
				D54D89B11F086E5D009CE408 /* Piano.m in Sources */,
				D54D89A81F07F96B009CE408 /* Instrument.m in Sources */,
				D54D89A01F07F945009CE408 /* main.m in Sources */,
			);
			runOnlyForDeploymentPostprocessing = 0;
		};
/* End PBXSourcesBuildPhase section */

/* Begin XCBuildConfiguration section */
		D54D89A11F07F945009CE408 /* Debug */ = {
			isa = XCBuildConfiguration;
			buildSettings = {
				ALWAYS_SEARCH_USER_PATHS = NO;
				CLANG_ANALYZER_NONNULL = YES;
				CLANG_ANALYZER_NUMBER_OBJECT_CONVERSION = YES_AGGRESSIVE;
				CLANG_CXX_LANGUAGE_STANDARD = "gnu++14";
				CLANG_CXX_LIBRARY = "libc++";
				CLANG_ENABLE_MODULES = YES;
				CLANG_ENABLE_OBJC_ARC = YES;
				CLANG_WARN_BLOCK_CAPTURE_AUTORELEASING = YES;
				CLANG_WARN_BOOL_CONVERSION = YES;
				CLANG_WARN_COMMA = YES;
				CLANG_WARN_CONSTANT_CONVERSION = YES;
				CLANG_WARN_DIRECT_OBJC_ISA_USAGE = YES_ERROR;
				CLANG_WARN_DOCUMENTATION_COMMENTS = YES;
				CLANG_WARN_EMPTY_BODY = YES;
				CLANG_WARN_ENUM_CONVERSION = YES;
				CLANG_WARN_INFINITE_RECURSION = YES;
				CLANG_WARN_INT_CONVERSION = YES;
				CLANG_WARN_OBJC_ROOT_CLASS = YES_ERROR;
				CLANG_WARN_RANGE_LOOP_ANALYSIS = YES;
				CLANG_WARN_STRICT_PROTOTYPES = YES;
				CLANG_WARN_SUSPICIOUS_MOVE = YES;
				CLANG_WARN_UNGUARDED_AVAILABILITY = YES_AGGRESSIVE;
				CLANG_WARN_UNREACHABLE_CODE = YES;
				CLANG_WARN__DUPLICATE_METHOD_MATCH = YES;
				CODE_SIGN_IDENTITY = "Mac Developer";
				COPY_PHASE_STRIP = NO;
				DEBUG_INFORMATION_FORMAT = dwarf;
				ENABLE_STRICT_OBJC_MSGSEND = YES;
				ENABLE_TESTABILITY = YES;
				GCC_C_LANGUAGE_STANDARD = gnu11;
				GCC_DYNAMIC_NO_PIC = NO;
				GCC_NO_COMMON_BLOCKS = YES;
				GCC_OPTIMIZATION_LEVEL = 0;
				GCC_PREPROCESSOR_DEFINITIONS = (
					"DEBUG=1",
					"$(inherited)",
				);
				GCC_WARN_64_TO_32_BIT_CONVERSION = YES;
				GCC_WARN_ABOUT_RETURN_TYPE = YES_ERROR;
				GCC_WARN_UNDECLARED_SELECTOR = YES;
				GCC_WARN_UNINITIALIZED_AUTOS = YES_AGGRESSIVE;
				GCC_WARN_UNUSED_FUNCTION = YES;
				GCC_WARN_UNUSED_VARIABLE = YES;
				MACOSX_DEPLOYMENT_TARGET = 10.12;
				MTL_ENABLE_DEBUG_INFO = YES;
				ONLY_ACTIVE_ARCH = YES;
				SDKROOT = macosx;
			};
			name = Debug;
		};
		D54D89A21F07F945009CE408 /* Release */ = {
			isa = XCBuildConfiguration;
			buildSettings = {
				ALWAYS_SEARCH_USER_PATHS = NO;
				CLANG_ANALYZER_NONNULL = YES;
				CLANG_ANALYZER_NUMBER_OBJECT_CONVERSION = YES_AGGRESSIVE;
				CLANG_CXX_LANGUAGE_STANDARD = "gnu++14";
				CLANG_CXX_LIBRARY = "libc++";
				CLANG_ENABLE_MODULES = YES;
				CLANG_ENABLE_OBJC_ARC = YES;
				CLANG_WARN_BLOCK_CAPTURE_AUTORELEASING = YES;
				CLANG_WARN_BOOL_CONVERSION = YES;
				CLANG_WARN_COMMA = YES;
				CLANG_WARN_CONSTANT_CONVERSION = YES;
				CLANG_WARN_DIRECT_OBJC_ISA_USAGE = YES_ERROR;
				CLANG_WARN_DOCUMENTATION_COMMENTS = YES;
				CLANG_WARN_EMPTY_BODY = YES;
				CLANG_WARN_ENUM_CONVERSION = YES;
				CLANG_WARN_INFINITE_RECURSION = YES;
				CLANG_WARN_INT_CONVERSION = YES;
				CLANG_WARN_OBJC_ROOT_CLASS = YES_ERROR;
				CLANG_WARN_RANGE_LOOP_ANALYSIS = YES;
				CLANG_WARN_STRICT_PROTOTYPES = YES;
				CLANG_WARN_SUSPICIOUS_MOVE = YES;
				CLANG_WARN_UNGUARDED_AVAILABILITY = YES_AGGRESSIVE;
				CLANG_WARN_UNREACHABLE_CODE = YES;
				CLANG_WARN__DUPLICATE_METHOD_MATCH = YES;
				CODE_SIGN_IDENTITY = "Mac Developer";
				COPY_PHASE_STRIP = NO;
				DEBUG_INFORMATION_FORMAT = "dwarf-with-dsym";
				ENABLE_NS_ASSERTIONS = NO;
				ENABLE_STRICT_OBJC_MSGSEND = YES;
				GCC_C_LANGUAGE_STANDARD = gnu11;
				GCC_NO_COMMON_BLOCKS = YES;
				GCC_WARN_64_TO_32_BIT_CONVERSION = YES;
				GCC_WARN_ABOUT_RETURN_TYPE = YES_ERROR;
				GCC_WARN_UNDECLARED_SELECTOR = YES;
				GCC_WARN_UNINITIALIZED_AUTOS = YES_AGGRESSIVE;
				GCC_WARN_UNUSED_FUNCTION = YES;
				GCC_WARN_UNUSED_VARIABLE = YES;
				MACOSX_DEPLOYMENT_TARGET = 10.12;
				MTL_ENABLE_DEBUG_INFO = NO;
				SDKROOT = macosx;
			};
			name = Release;
		};
		D54D89A41F07F945009CE408 /* Debug */ = {
			isa = XCBuildConfiguration;
			buildSettings = {
				DEVELOPMENT_TEAM = 3B26HZBT86;
				PRODUCT_NAME = "$(TARGET_NAME)";
			};
			name = Debug;
		};
		D54D89A51F07F945009CE408 /* Release */ = {
			isa = XCBuildConfiguration;
			buildSettings = {
				DEVELOPMENT_TEAM = 3B26HZBT86;
				PRODUCT_NAME = "$(TARGET_NAME)";
			};
			name = Release;
		};
/* End XCBuildConfiguration section */

/* Begin XCConfigurationList section */
		D54D89971F07F945009CE408 /* Build configuration list for PBXProject "ANA_Foundation" */ = {
			isa = XCConfigurationList;
			buildConfigurations = (
				D54D89A11F07F945009CE408 /* Debug */,
				D54D89A21F07F945009CE408 /* Release */,
			);
			defaultConfigurationIsVisible = 0;
			defaultConfigurationName = Release;
		};
		D54D89A31F07F945009CE408 /* Build configuration list for PBXNativeTarget "ANA_Foundation" */ = {
			isa = XCConfigurationList;
			buildConfigurations = (
				D54D89A41F07F945009CE408 /* Debug */,
				D54D89A51F07F945009CE408 /* Release */,
			);
			defaultConfigurationIsVisible = 0;
		};
/* End XCConfigurationList section */
	};
	rootObject = D54D89941F07F945009CE408 /* Project object */;
}
